
Microsoft Visual Studio Solution File, Format Version 12.00
# Visual Studio Version 16
VisualStudioVersion = 16.0.30011.22
MinimumVisualStudioVersion = 10.0.40219.1
Project("{FAE04EC0-301F-11D3-BF4B-00C04F79EFBC}") = "Ejercicio 133", "Ejercicio 133\Ejercicio 133.csproj", "{00131A16-1923-4663-ADF4-47C40F2CC568}"
EndProject
Global
	GlobalSection(SolutionConfigurationPlatforms) = preSolution
		Debug|Any CPU = Debug|Any CPU
		Release|Any CPU = Release|Any CPU
	EndGlobalSection
	GlobalSection(ProjectConfigurationPlatforms) = postSolution
		{00131A16-1923-4663-ADF4-47C40F2CC568}.Debug|Any CPU.ActiveCfg = Debug|Any CPU
		{00131A16-1923-4663-ADF4-47C40F2CC568}.Debug|Any CPU.Build.0 = Debug|Any CPU
		{00131A16-1923-4663-ADF4-47C40F2CC568}.Release|Any CPU.ActiveCfg = Release|Any CPU
		{00131A16-1923-4663-ADF4-47C40F2CC568}.Release|Any CPU.Build.0 = Release|Any CPU
	EndGlobalSection
	GlobalSection(SolutionProperties) = preSolution
		HideSolutionNode = FALSE
	EndGlobalSection
	GlobalSection(ExtensibilityGlobals) = postSolution
		SolutionGuid = {66E9EBA5-B22B-47A4-B925-A52BA35A9291}
	EndGlobalSection
EndGlobal
