
Microsoft Visual Studio Solution File, Format Version 12.00
# Visual Studio Version 16
VisualStudioVersion = 16.0.29509.3
MinimumVisualStudioVersion = 10.0.40219.1
Project("{FAE04EC0-301F-11D3-BF4B-00C04F79EFBC}") = "definirEstructura", "definirEstructura.csproj", "{A1EAACF0-F458-4F8A-B12C-062EFC996291}"
EndProject
Global
	GlobalSection(SolutionConfigurationPlatforms) = preSolution
		Debug|Any CPU = Debug|Any CPU
		Release|Any CPU = Release|Any CPU
	EndGlobalSection
	GlobalSection(ProjectConfigurationPlatforms) = postSolution
		{A1EAACF0-F458-4F8A-B12C-062EFC996291}.Debug|Any CPU.ActiveCfg = Debug|Any CPU
		{A1EAACF0-F458-4F8A-B12C-062EFC996291}.Debug|Any CPU.Build.0 = Debug|Any CPU
		{A1EAACF0-F458-4F8A-B12C-062EFC996291}.Release|Any CPU.ActiveCfg = Release|Any CPU
		{A1EAACF0-F458-4F8A-B12C-062EFC996291}.Release|Any CPU.Build.0 = Release|Any CPU
	EndGlobalSection
	GlobalSection(SolutionProperties) = preSolution
		HideSolutionNode = FALSE
	EndGlobalSection
	GlobalSection(ExtensibilityGlobals) = postSolution
		SolutionGuid = {8EADBEC5-A211-4899-B02D-BD9D7A14E6A8}
	EndGlobalSection
EndGlobal
